
Microsoft Visual Studio Solution File, Format Version 11.00
# Visual Studio 2010
Project("{FAE04EC0-301F-11D3-BF4B-00C04F79EFBC}") = "Assembly-CSharp", "Assembly-CSharp.csproj", "{A0C6DA56-B0E3-094D-71F7-574340B4A35E}"
EndProject
Project("{FAE04EC0-301F-11D3-BF4B-00C04F79EFBC}") = "Assembly-CSharp-Editor", "Assembly-CSharp-Editor.csproj", "{79327F86-CDFF-C1E6-B32A-68B4CE121DE1}"
EndProject
Global
	GlobalSection(SolutionConfigurationPlatforms) = preSolution
		Debug|Any CPU = Debug|Any CPU
		Release|Any CPU = Release|Any CPU
	EndGlobalSection
	GlobalSection(ProjectConfigurationPlatforms) = postSolution
		{A0C6DA56-B0E3-094D-71F7-574340B4A35E}.Debug|Any CPU.ActiveCfg = Debug|Any CPU
		{A0C6DA56-B0E3-094D-71F7-574340B4A35E}.Debug|Any CPU.Build.0 = Debug|Any CPU
		{A0C6DA56-B0E3-094D-71F7-574340B4A35E}.Release|Any CPU.ActiveCfg = Release|Any CPU
		{A0C6DA56-B0E3-094D-71F7-574340B4A35E}.Release|Any CPU.Build.0 = Release|Any CPU
		{79327F86-CDFF-C1E6-B32A-68B4CE121DE1}.Debug|Any CPU.ActiveCfg = Debug|Any CPU
		{79327F86-CDFF-C1E6-B32A-68B4CE121DE1}.Debug|Any CPU.Build.0 = Debug|Any CPU
		{79327F86-CDFF-C1E6-B32A-68B4CE121DE1}.Release|Any CPU.ActiveCfg = Release|Any CPU
		{79327F86-CDFF-C1E6-B32A-68B4CE121DE1}.Release|Any CPU.Build.0 = Release|Any CPU
	EndGlobalSection
	GlobalSection(SolutionProperties) = preSolution
		HideSolutionNode = FALSE
	EndGlobalSection
EndGlobal
